// !$*UTF8*$!
{
	archiveVersion = 1;
	classes = {
	};
	objectVersion = 46;
	objects = {

/* Begin PBXBuildFile section */
		03BAC71E181D243B00A2612A /* Foundation.framework in Frameworks */ = {isa = PBXBuildFile; fileRef = 03BAC71D181D243B00A2612A /* Foundation.framework */; };
		03BAC723181D243B00A2612A /* WebViewJsonRPC.h in CopyFiles */ = {isa = PBXBuildFile; fileRef = 03BAC722181D243B00A2612A /* WebViewJsonRPC.h */; };
		03BAC725181D243B00A2612A /* WebViewJsonRPC.m in Sources */ = {isa = PBXBuildFile; fileRef = 03BAC724181D243B00A2612A /* WebViewJsonRPC.m */; };
		03BAC72C181D243B00A2612A /* XCTest.framework in Frameworks */ = {isa = PBXBuildFile; fileRef = 03BAC72B181D243B00A2612A /* XCTest.framework */; };
		03BAC72D181D243B00A2612A /* Foundation.framework in Frameworks */ = {isa = PBXBuildFile; fileRef = 03BAC71D181D243B00A2612A /* Foundation.framework */; };
		03BAC72F181D243B00A2612A /* UIKit.framework in Frameworks */ = {isa = PBXBuildFile; fileRef = 03BAC72E181D243B00A2612A /* UIKit.framework */; };
		03BAC732181D243B00A2612A /* libWebViewJsonRPC.a in Frameworks */ = {isa = PBXBuildFile; fileRef = 03BAC71A181D243B00A2612A /* libWebViewJsonRPC.a */; };
		03BAC738181D243B00A2612A /* InfoPlist.strings in Resources */ = {isa = PBXBuildFile; fileRef = 03BAC736181D243B00A2612A /* InfoPlist.strings */; };
		03BAC73A181D243B00A2612A /* WebViewJsonRPCTests.m in Sources */ = {isa = PBXBuildFile; fileRef = 03BAC739181D243B00A2612A /* WebViewJsonRPCTests.m */; };
/* End PBXBuildFile section */

/* Begin PBXContainerItemProxy section */
		03BAC730181D243B00A2612A /* PBXContainerItemProxy */ = {
			isa = PBXContainerItemProxy;
			containerPortal = 03BAC712181D243B00A2612A /* Project object */;
			proxyType = 1;
			remoteGlobalIDString = 03BAC719181D243B00A2612A;
			remoteInfo = WebViewJsonRPC;
		};
/* End PBXContainerItemProxy section */

/* Begin PBXCopyFilesBuildPhase section */
		03BAC718181D243B00A2612A /* CopyFiles */ = {
			isa = PBXCopyFilesBuildPhase;
			buildActionMask = 2147483647;
			dstPath = "include/$(PRODUCT_NAME)";
			dstSubfolderSpec = 16;
			files = (
				03BAC723181D243B00A2612A /* WebViewJsonRPC.h in CopyFiles */,
			);
			runOnlyForDeploymentPostprocessing = 0;
		};
/* End PBXCopyFilesBuildPhase section */

/* Begin PBXFileReference section */
		03BAC71A181D243B00A2612A /* libWebViewJsonRPC.a */ = {isa = PBXFileReference; explicitFileType = archive.ar; includeInIndex = 0; path = libWebViewJsonRPC.a; sourceTree = BUILT_PRODUCTS_DIR; };
		03BAC71D181D243B00A2612A /* Foundation.framework */ = {isa = PBXFileReference; lastKnownFileType = wrapper.framework; name = Foundation.framework; path = System/Library/Frameworks/Foundation.framework; sourceTree = SDKROOT; };
		03BAC721181D243B00A2612A /* WebViewJsonRPC-Prefix.pch */ = {isa = PBXFileReference; lastKnownFileType = sourcecode.c.h; path = "WebViewJsonRPC-Prefix.pch"; sourceTree = "<group>"; };
		03BAC722181D243B00A2612A /* WebViewJsonRPC.h */ = {isa = PBXFileReference; lastKnownFileType = sourcecode.c.h; path = WebViewJsonRPC.h; sourceTree = "<group>"; };
		03BAC724181D243B00A2612A /* WebViewJsonRPC.m */ = {isa = PBXFileReference; lastKnownFileType = sourcecode.c.objc; path = WebViewJsonRPC.m; sourceTree = "<group>"; };
		03BAC72A181D243B00A2612A /* WebViewJsonRPCTests.xctest */ = {isa = PBXFileReference; explicitFileType = wrapper.cfbundle; includeInIndex = 0; path = WebViewJsonRPCTests.xctest; sourceTree = BUILT_PRODUCTS_DIR; };
		03BAC72B181D243B00A2612A /* XCTest.framework */ = {isa = PBXFileReference; lastKnownFileType = wrapper.framework; name = XCTest.framework; path = Library/Frameworks/XCTest.framework; sourceTree = DEVELOPER_DIR; };
		03BAC72E181D243B00A2612A /* UIKit.framework */ = {isa = PBXFileReference; lastKnownFileType = wrapper.framework; name = UIKit.framework; path = Library/Frameworks/UIKit.framework; sourceTree = DEVELOPER_DIR; };
		03BAC735181D243B00A2612A /* WebViewJsonRPCTests-Info.plist */ = {isa = PBXFileReference; lastKnownFileType = text.plist.xml; path = "WebViewJsonRPCTests-Info.plist"; sourceTree = "<group>"; };
		03BAC737181D243B00A2612A /* en */ = {isa = PBXFileReference; lastKnownFileType = text.plist.strings; name = en; path = en.lproj/InfoPlist.strings; sourceTree = "<group>"; };
		03BAC739181D243B00A2612A /* WebViewJsonRPCTests.m */ = {isa = PBXFileReference; lastKnownFileType = sourcecode.c.objc; path = WebViewJsonRPCTests.m; sourceTree = "<group>"; };
/* End PBXFileReference section */

/* Begin PBXFrameworksBuildPhase section */
		03BAC717181D243B00A2612A /* Frameworks */ = {
			isa = PBXFrameworksBuildPhase;
			buildActionMask = 2147483647;
			files = (
				03BAC71E181D243B00A2612A /* Foundation.framework in Frameworks */,
			);
			runOnlyForDeploymentPostprocessing = 0;
		};
		03BAC727181D243B00A2612A /* Frameworks */ = {
			isa = PBXFrameworksBuildPhase;
			buildActionMask = 2147483647;
			files = (
				03BAC72C181D243B00A2612A /* XCTest.framework in Frameworks */,
				03BAC732181D243B00A2612A /* libWebViewJsonRPC.a in Frameworks */,
				03BAC72F181D243B00A2612A /* UIKit.framework in Frameworks */,
				03BAC72D181D243B00A2612A /* Foundation.framework in Frameworks */,
			);
			runOnlyForDeploymentPostprocessing = 0;
		};
/* End PBXFrameworksBuildPhase section */

/* Begin PBXGroup section */
		03BAC711181D243B00A2612A = {
			isa = PBXGroup;
			children = (
				03BAC71F181D243B00A2612A /* WebViewJsonRPC */,
				03BAC733181D243B00A2612A /* WebViewJsonRPCTests */,
				03BAC71C181D243B00A2612A /* Frameworks */,
				03BAC71B181D243B00A2612A /* Products */,
			);
			sourceTree = "<group>";
		};
		03BAC71B181D243B00A2612A /* Products */ = {
			isa = PBXGroup;
			children = (
				03BAC71A181D243B00A2612A /* libWebViewJsonRPC.a */,
				03BAC72A181D243B00A2612A /* WebViewJsonRPCTests.xctest */,
			);
			name = Products;
			sourceTree = "<group>";
		};
		03BAC71C181D243B00A2612A /* Frameworks */ = {
			isa = PBXGroup;
			children = (
				03BAC71D181D243B00A2612A /* Foundation.framework */,
				03BAC72B181D243B00A2612A /* XCTest.framework */,
				03BAC72E181D243B00A2612A /* UIKit.framework */,
			);
			name = Frameworks;
			sourceTree = "<group>";
		};
		03BAC71F181D243B00A2612A /* WebViewJsonRPC */ = {
			isa = PBXGroup;
			children = (
				03BAC722181D243B00A2612A /* WebViewJsonRPC.h */,
				03BAC724181D243B00A2612A /* WebViewJsonRPC.m */,
				03BAC720181D243B00A2612A /* Supporting Files */,
			);
			path = WebViewJsonRPC;
			sourceTree = "<group>";
		};
		03BAC720181D243B00A2612A /* Supporting Files */ = {
			isa = PBXGroup;
			children = (
				03BAC721181D243B00A2612A /* WebViewJsonRPC-Prefix.pch */,
			);
			name = "Supporting Files";
			sourceTree = "<group>";
		};
		03BAC733181D243B00A2612A /* WebViewJsonRPCTests */ = {
			isa = PBXGroup;
			children = (
				03BAC739181D243B00A2612A /* WebViewJsonRPCTests.m */,
				03BAC734181D243B00A2612A /* Supporting Files */,
			);
			path = WebViewJsonRPCTests;
			sourceTree = "<group>";
		};
		03BAC734181D243B00A2612A /* Supporting Files */ = {
			isa = PBXGroup;
			children = (
				03BAC735181D243B00A2612A /* WebViewJsonRPCTests-Info.plist */,
				03BAC736181D243B00A2612A /* InfoPlist.strings */,
			);
			name = "Supporting Files";
			sourceTree = "<group>";
		};
/* End PBXGroup section */

/* Begin PBXNativeTarget section */
		03BAC719181D243B00A2612A /* WebViewJsonRPC */ = {
			isa = PBXNativeTarget;
			buildConfigurationList = 03BAC73D181D243B00A2612A /* Build configuration list for PBXNativeTarget "WebViewJsonRPC" */;
			buildPhases = (
				03BAC716181D243B00A2612A /* Sources */,
				03BAC717181D243B00A2612A /* Frameworks */,
				03BAC718181D243B00A2612A /* CopyFiles */,
			);
			buildRules = (
			);
			dependencies = (
			);
			name = WebViewJsonRPC;
			productName = WebViewJsonRPC;
			productReference = 03BAC71A181D243B00A2612A /* libWebViewJsonRPC.a */;
			productType = "com.apple.product-type.library.static";
		};
		03BAC729181D243B00A2612A /* WebViewJsonRPCTests */ = {
			isa = PBXNativeTarget;
			buildConfigurationList = 03BAC740181D243B00A2612A /* Build configuration list for PBXNativeTarget "WebViewJsonRPCTests" */;
			buildPhases = (
				03BAC726181D243B00A2612A /* Sources */,
				03BAC727181D243B00A2612A /* Frameworks */,
				03BAC728181D243B00A2612A /* Resources */,
			);
			buildRules = (
			);
			dependencies = (
				03BAC731181D243B00A2612A /* PBXTargetDependency */,
			);
			name = WebViewJsonRPCTests;
			productName = WebViewJsonRPCTests;
			productReference = 03BAC72A181D243B00A2612A /* WebViewJsonRPCTests.xctest */;
			productType = "com.apple.product-type.bundle.unit-test";
		};
/* End PBXNativeTarget section */

/* Begin PBXProject section */
		03BAC712181D243B00A2612A /* Project object */ = {
			isa = PBXProject;
			attributes = {
				LastUpgradeCheck = 0500;
				ORGANIZATIONNAME = Xuhui;
			};
			buildConfigurationList = 03BAC715181D243B00A2612A /* Build configuration list for PBXProject "WebViewJsonRPC" */;
			compatibilityVersion = "Xcode 3.2";
			developmentRegion = English;
			hasScannedForEncodings = 0;
			knownRegions = (
				en,
			);
			mainGroup = 03BAC711181D243B00A2612A;
			productRefGroup = 03BAC71B181D243B00A2612A /* Products */;
			projectDirPath = "";
			projectRoot = "";
			targets = (
				03BAC719181D243B00A2612A /* WebViewJsonRPC */,
				03BAC729181D243B00A2612A /* WebViewJsonRPCTests */,
			);
		};
/* End PBXProject section */

/* Begin PBXResourcesBuildPhase section */
		03BAC728181D243B00A2612A /* Resources */ = {
			isa = PBXResourcesBuildPhase;
			buildActionMask = 2147483647;
			files = (
				03BAC738181D243B00A2612A /* InfoPlist.strings in Resources */,
			);
			runOnlyForDeploymentPostprocessing = 0;
		};
/* End PBXResourcesBuildPhase section */

/* Begin PBXSourcesBuildPhase section */
		03BAC716181D243B00A2612A /* Sources */ = {
			isa = PBXSourcesBuildPhase;
			buildActionMask = 2147483647;
			files = (
				03BAC725181D243B00A2612A /* WebViewJsonRPC.m in Sources */,
			);
			runOnlyForDeploymentPostprocessing = 0;
		};
		03BAC726181D243B00A2612A /* Sources */ = {
			isa = PBXSourcesBuildPhase;
			buildActionMask = 2147483647;
			files = (
				03BAC73A181D243B00A2612A /* WebViewJsonRPCTests.m in Sources */,
			);
			runOnlyForDeploymentPostprocessing = 0;
		};
/* End PBXSourcesBuildPhase section */

/* Begin PBXTargetDependency section */
		03BAC731181D243B00A2612A /* PBXTargetDependency */ = {
			isa = PBXTargetDependency;
			target = 03BAC719181D243B00A2612A /* WebViewJsonRPC */;
			targetProxy = 03BAC730181D243B00A2612A /* PBXContainerItemProxy */;
		};
/* End PBXTargetDependency section */

/* Begin PBXVariantGroup section */
		03BAC736181D243B00A2612A /* InfoPlist.strings */ = {
			isa = PBXVariantGroup;
			children = (
				03BAC737181D243B00A2612A /* en */,
			);
			name = InfoPlist.strings;
			sourceTree = "<group>";
		};
/* End PBXVariantGroup section */

/* Begin XCBuildConfiguration section */
		03BAC73B181D243B00A2612A /* Debug */ = {
			isa = XCBuildConfiguration;
			buildSettings = {
				ALWAYS_SEARCH_USER_PATHS = NO;
				ARCHS = "$(ARCHS_STANDARD_INCLUDING_64_BIT)";
				CLANG_CXX_LANGUAGE_STANDARD = "gnu++0x";
				CLANG_CXX_LIBRARY = "libc++";
				CLANG_ENABLE_MODULES = YES;
				CLANG_ENABLE_OBJC_ARC = YES;
				CLANG_WARN_BOOL_CONVERSION = YES;
				CLANG_WARN_CONSTANT_CONVERSION = YES;
				CLANG_WARN_DIRECT_OBJC_ISA_USAGE = YES_ERROR;
				CLANG_WARN_EMPTY_BODY = YES;
				CLANG_WARN_ENUM_CONVERSION = YES;
				CLANG_WARN_INT_CONVERSION = YES;
				CLANG_WARN_OBJC_ROOT_CLASS = YES_ERROR;
				CLANG_WARN__DUPLICATE_METHOD_MATCH = YES;
				COPY_PHASE_STRIP = NO;
				GCC_C_LANGUAGE_STANDARD = gnu99;
				GCC_DYNAMIC_NO_PIC = NO;
				GCC_OPTIMIZATION_LEVEL = 0;
				GCC_PREPROCESSOR_DEFINITIONS = (
					"DEBUG=1",
					"$(inherited)",
				);
				GCC_SYMBOLS_PRIVATE_EXTERN = NO;
				GCC_WARN_64_TO_32_BIT_CONVERSION = YES;
				GCC_WARN_ABOUT_RETURN_TYPE = YES_ERROR;
				GCC_WARN_UNDECLARED_SELECTOR = YES;
				GCC_WARN_UNINITIALIZED_AUTOS = YES;
				GCC_WARN_UNUSED_FUNCTION = YES;
				GCC_WARN_UNUSED_VARIABLE = YES;
				IPHONEOS_DEPLOYMENT_TARGET = 7.0;
				ONLY_ACTIVE_ARCH = YES;
				SDKROOT = iphoneos;
			};
			name = Debug;
		};
		03BAC73C181D243B00A2612A /* Release */ = {
			isa = XCBuildConfiguration;
			buildSettings = {
				ALWAYS_SEARCH_USER_PATHS = NO;
				ARCHS = "$(ARCHS_STANDARD_INCLUDING_64_BIT)";
				CLANG_CXX_LANGUAGE_STANDARD = "gnu++0x";
				CLANG_CXX_LIBRARY = "libc++";
				CLANG_ENABLE_MODULES = YES;
				CLANG_ENABLE_OBJC_ARC = YES;
				CLANG_WARN_BOOL_CONVERSION = YES;
				CLANG_WARN_CONSTANT_CONVERSION = YES;
				CLANG_WARN_DIRECT_OBJC_ISA_USAGE = YES_ERROR;
				CLANG_WARN_EMPTY_BODY = YES;
				CLANG_WARN_ENUM_CONVERSION = YES;
				CLANG_WARN_INT_CONVERSION = YES;
				CLANG_WARN_OBJC_ROOT_CLASS = YES_ERROR;
				CLANG_WARN__DUPLICATE_METHOD_MATCH = YES;
				COPY_PHASE_STRIP = YES;
				ENABLE_NS_ASSERTIONS = NO;
				GCC_C_LANGUAGE_STANDARD = gnu99;
				GCC_WARN_64_TO_32_BIT_CONVERSION = YES;
				GCC_WARN_ABOUT_RETURN_TYPE = YES_ERROR;
				GCC_WARN_UNDECLARED_SELECTOR = YES;
				GCC_WARN_UNINITIALIZED_AUTOS = YES;
				GCC_WARN_UNUSED_FUNCTION = YES;
				GCC_WARN_UNUSED_VARIABLE = YES;
				IPHONEOS_DEPLOYMENT_TARGET = 7.0;
				SDKROOT = iphoneos;
				VALIDATE_PRODUCT = YES;
			};
			name = Release;
		};
		03BAC73E181D243B00A2612A /* Debug */ = {
			isa = XCBuildConfiguration;
			buildSettings = {
				DSTROOT = /tmp/WebViewJsonRPC.dst;
				GCC_PRECOMPILE_PREFIX_HEADER = YES;
				GCC_PREFIX_HEADER = "WebViewJsonRPC/WebViewJsonRPC-Prefix.pch";
				OTHER_LDFLAGS = "-ObjC";
				PRODUCT_NAME = "$(TARGET_NAME)";
				SKIP_INSTALL = YES;
			};
			name = Debug;
		};
		03BAC73F181D243B00A2612A /* Release */ = {
			isa = XCBuildConfiguration;
			buildSettings = {
				DSTROOT = /tmp/WebViewJsonRPC.dst;
				GCC_PRECOMPILE_PREFIX_HEADER = YES;
				GCC_PREFIX_HEADER = "WebViewJsonRPC/WebViewJsonRPC-Prefix.pch";
				OTHER_LDFLAGS = "-ObjC";
				PRODUCT_NAME = "$(TARGET_NAME)";
				SKIP_INSTALL = YES;
			};
			name = Release;
		};
		03BAC741181D243B00A2612A /* Debug */ = {
			isa = XCBuildConfiguration;
			buildSettings = {
				ARCHS = "$(ARCHS_STANDARD_INCLUDING_64_BIT)";
				FRAMEWORK_SEARCH_PATHS = (
					"$(SDKROOT)/Developer/Library/Frameworks",
					"$(inherited)",
					"$(DEVELOPER_FRAMEWORKS_DIR)",
				);
				GCC_PRECOMPILE_PREFIX_HEADER = YES;
				GCC_PREFIX_HEADER = "WebViewJsonRPC/WebViewJsonRPC-Prefix.pch";
				GCC_PREPROCESSOR_DEFINITIONS = (
					"DEBUG=1",
					"$(inherited)",
				);
				INFOPLIST_FILE = "WebViewJsonRPCTests/WebViewJsonRPCTests-Info.plist";
				PRODUCT_NAME = "$(TARGET_NAME)";
				WRAPPER_EXTENSION = xctest;
			};
			name = Debug;
		};
		03BAC742181D243B00A2612A /* Release */ = {
			isa = XCBuildConfiguration;
			buildSettings = {
				ARCHS = "$(ARCHS_STANDARD_INCLUDING_64_BIT)";
				FRAMEWORK_SEARCH_PATHS = (
					"$(SDKROOT)/Developer/Library/Frameworks",
					"$(inherited)",
					"$(DEVELOPER_FRAMEWORKS_DIR)",
				);
				GCC_PRECOMPILE_PREFIX_HEADER = YES;
				GCC_PREFIX_HEADER = "WebViewJsonRPC/WebViewJsonRPC-Prefix.pch";
				INFOPLIST_FILE = "WebViewJsonRPCTests/WebViewJsonRPCTests-Info.plist";
				PRODUCT_NAME = "$(TARGET_NAME)";
				WRAPPER_EXTENSION = xctest;
			};
			name = Release;
		};
/* End XCBuildConfiguration section */

/* Begin XCConfigurationList section */
		03BAC715181D243B00A2612A /* Build configuration list for PBXProject "WebViewJsonRPC" */ = {
			isa = XCConfigurationList;
			buildConfigurations = (
				03BAC73B181D243B00A2612A /* Debug */,
				03BAC73C181D243B00A2612A /* Release */,
			);
			defaultConfigurationIsVisible = 0;
			defaultConfigurationName = Release;
		};
		03BAC73D181D243B00A2612A /* Build configuration list for PBXNativeTarget "WebViewJsonRPC" */ = {
			isa = XCConfigurationList;
			buildConfigurations = (
				03BAC73E181D243B00A2612A /* Debug */,
				03BAC73F181D243B00A2612A /* Release */,
			);
			defaultConfigurationIsVisible = 0;
		};
		03BAC740181D243B00A2612A /* Build configuration list for PBXNativeTarget "WebViewJsonRPCTests" */ = {
			isa = XCConfigurationList;
			buildConfigurations = (
				03BAC741181D243B00A2612A /* Debug */,
				03BAC742181D243B00A2612A /* Release */,
			);
			defaultConfigurationIsVisible = 0;
		};
/* End XCConfigurationList section */
	};
	rootObject = 03BAC712181D243B00A2612A /* Project object */;
}
